
Microsoft Visual Studio Solution File, Format Version 12.00
# Visual Studio Version 16
VisualStudioVersion = 16.0.31911.196
MinimumVisualStudioVersion = 10.0.40219.1
Project("{FAE04EC0-301F-11D3-BF4B-00C04F79EFBC}") = "GitProjekt2", "GitProjekt2\GitProjekt2.csproj", "{700E0BDE-B1A7-4D6B-9643-6EFE53A9A430}"
EndProject
Global
	GlobalSection(SolutionConfigurationPlatforms) = preSolution
		Debug|Any CPU = Debug|Any CPU
		Release|Any CPU = Release|Any CPU
	EndGlobalSection
	GlobalSection(ProjectConfigurationPlatforms) = postSolution
		{700E0BDE-B1A7-4D6B-9643-6EFE53A9A430}.Debug|Any CPU.ActiveCfg = Debug|Any CPU
		{700E0BDE-B1A7-4D6B-9643-6EFE53A9A430}.Debug|Any CPU.Build.0 = Debug|Any CPU
		{700E0BDE-B1A7-4D6B-9643-6EFE53A9A430}.Release|Any CPU.ActiveCfg = Release|Any CPU
		{700E0BDE-B1A7-4D6B-9643-6EFE53A9A430}.Release|Any CPU.Build.0 = Release|Any CPU
	EndGlobalSection
	GlobalSection(SolutionProperties) = preSolution
		HideSolutionNode = FALSE
	EndGlobalSection
	GlobalSection(ExtensibilityGlobals) = postSolution
		SolutionGuid = {97498CB4-DBDE-4B7C-BF13-126C106E9811}
	EndGlobalSection
EndGlobal
